
Microsoft Visual Studio Solution File, Format Version 12.00
# Visual Studio Version 17
VisualStudioVersion = 17.7.33711.374
MinimumVisualStudioVersion = 10.0.40219.1
Project("{9A19103F-16F7-4668-BE54-9A1E7A4F7556}") = "ProxyDot", "ProxyDot.csproj", "{4EF60F7D-67C3-4114-87CF-997809000581}"
EndProject
Global
	GlobalSection(SolutionConfigurationPlatforms) = preSolution
		Debug|Any CPU = Debug|Any CPU
		Release|Any CPU = Release|Any CPU
	EndGlobalSection
	GlobalSection(ProjectConfigurationPlatforms) = postSolution
		{4EF60F7D-67C3-4114-87CF-997809000581}.Debug|Any CPU.ActiveCfg = Debug|Any CPU
		{4EF60F7D-67C3-4114-87CF-997809000581}.Debug|Any CPU.Build.0 = Debug|Any CPU
		{4EF60F7D-67C3-4114-87CF-997809000581}.Release|Any CPU.ActiveCfg = Release|Any CPU
		{4EF60F7D-67C3-4114-87CF-997809000581}.Release|Any CPU.Build.0 = Release|Any CPU
	EndGlobalSection
	GlobalSection(SolutionProperties) = preSolution
		HideSolutionNode = FALSE
	EndGlobalSection
	GlobalSection(ExtensibilityGlobals) = postSolution
		SolutionGuid = {DE2DFE10-FB5F-4181-9F1F-61E3DE1F7843}
	EndGlobalSection
EndGlobal
